// !$*UTF8*$!
{
	archiveVersion = 1;
	classes = {
	};
	objectVersion = 46;
	objects = {

/* Begin PBXBuildFile section */
		C39811D61BF16E22007C5152 /* AppDelegate.swift in Sources */ = {isa = PBXBuildFile; fileRef = C39811D51BF16E22007C5152 /* AppDelegate.swift */; };
		C39811DE1BF16E38007C5152 /* FirstViewController.swift in Sources */ = {isa = PBXBuildFile; fileRef = C39811D71BF16E38007C5152 /* FirstViewController.swift */; };
		C39811DF1BF16E38007C5152 /* GameChoiceController.swift in Sources */ = {isa = PBXBuildFile; fileRef = C39811D81BF16E38007C5152 /* GameChoiceController.swift */; };
		C39811E01BF16E38007C5152 /* Info.plist in Resources */ = {isa = PBXBuildFile; fileRef = C39811D91BF16E38007C5152 /* Info.plist */; };
		C39811E21BF16E38007C5152 /* SubCategoryController.swift in Sources */ = {isa = PBXBuildFile; fileRef = C39811DB1BF16E38007C5152 /* SubCategoryController.swift */; };
		C39811E31BF16E38007C5152 /* WordCategoryController.swift in Sources */ = {isa = PBXBuildFile; fileRef = C39811DC1BF16E38007C5152 /* WordCategoryController.swift */; };
		C39811E41BF16E38007C5152 /* WordViewController.swift in Sources */ = {isa = PBXBuildFile; fileRef = C39811DD1BF16E38007C5152 /* WordViewController.swift */; };
		C39811E61BF16E67007C5152 /* Assets.xcassets in Resources */ = {isa = PBXBuildFile; fileRef = C39811E51BF16E67007C5152 /* Assets.xcassets */; };
		C39811E81BF16E9D007C5152 /* SpellingDataStore.xcdatamodeld in Sources */ = {isa = PBXBuildFile; fileRef = C39811E71BF16E9D007C5152 /* SpellingDataStore.xcdatamodeld */; };
		C39811EB1BF16F3B007C5152 /* Info.plist in Resources */ = {isa = PBXBuildFile; fileRef = C39811E91BF16F3B007C5152 /* Info.plist */; };
		C39811EC1BF16F3B007C5152 /* subcrapTests.swift in Sources */ = {isa = PBXBuildFile; fileRef = C39811EA1BF16F3B007C5152 /* subcrapTests.swift */; };
		C39811EF1BF16F57007C5152 /* Info.plist in Resources */ = {isa = PBXBuildFile; fileRef = C39811ED1BF16F57007C5152 /* Info.plist */; };
		C39811F01BF16F57007C5152 /* subcrapUITests.swift in Sources */ = {isa = PBXBuildFile; fileRef = C39811EE1BF16F57007C5152 /* subcrapUITests.swift */; };
		C39811F81BF171C7007C5152 /* Main.storyboard in Resources */ = {isa = PBXBuildFile; fileRef = C39811F61BF171C7007C5152 /* Main.storyboard */; };
/* End PBXBuildFile section */

/* Begin PBXContainerItemProxy section */
		FE526D491BE0491900001A15 /* PBXContainerItemProxy */ = {
			isa = PBXContainerItemProxy;
			containerPortal = FE526D2A1BE0491800001A15 /* Project object */;
			proxyType = 1;
			remoteGlobalIDString = FE526D311BE0491800001A15;
			remoteInfo = subcrap;
		};
		FE526D541BE0491900001A15 /* PBXContainerItemProxy */ = {
			isa = PBXContainerItemProxy;
			containerPortal = FE526D2A1BE0491800001A15 /* Project object */;
			proxyType = 1;
			remoteGlobalIDString = FE526D311BE0491800001A15;
			remoteInfo = subcrap;
		};
/* End PBXContainerItemProxy section */

/* Begin PBXFileReference section */
		C39811D51BF16E22007C5152 /* AppDelegate.swift */ = {isa = PBXFileReference; fileEncoding = 4; lastKnownFileType = sourcecode.swift; name = AppDelegate.swift; path = SuperSpelling/AppDelegate.swift; sourceTree = SOURCE_ROOT; };
		C39811D71BF16E38007C5152 /* FirstViewController.swift */ = {isa = PBXFileReference; fileEncoding = 4; lastKnownFileType = sourcecode.swift; name = FirstViewController.swift; path = SuperSpelling/FirstViewController.swift; sourceTree = SOURCE_ROOT; };
		C39811D81BF16E38007C5152 /* GameChoiceController.swift */ = {isa = PBXFileReference; fileEncoding = 4; lastKnownFileType = sourcecode.swift; name = GameChoiceController.swift; path = SuperSpelling/GameChoiceController.swift; sourceTree = SOURCE_ROOT; };
		C39811D91BF16E38007C5152 /* Info.plist */ = {isa = PBXFileReference; fileEncoding = 4; lastKnownFileType = text.plist.xml; name = Info.plist; path = SuperSpelling/Info.plist; sourceTree = SOURCE_ROOT; };
		C39811DB1BF16E38007C5152 /* SubCategoryController.swift */ = {isa = PBXFileReference; fileEncoding = 4; lastKnownFileType = sourcecode.swift; name = SubCategoryController.swift; path = SuperSpelling/SubCategoryController.swift; sourceTree = SOURCE_ROOT; };
		C39811DC1BF16E38007C5152 /* WordCategoryController.swift */ = {isa = PBXFileReference; fileEncoding = 4; lastKnownFileType = sourcecode.swift; name = WordCategoryController.swift; path = SuperSpelling/WordCategoryController.swift; sourceTree = SOURCE_ROOT; };
		C39811DD1BF16E38007C5152 /* WordViewController.swift */ = {isa = PBXFileReference; fileEncoding = 4; lastKnownFileType = sourcecode.swift; name = WordViewController.swift; path = SuperSpelling/WordViewController.swift; sourceTree = SOURCE_ROOT; };
		C39811E51BF16E67007C5152 /* Assets.xcassets */ = {isa = PBXFileReference; lastKnownFileType = folder.assetcatalog; name = Assets.xcassets; path = SuperSpelling/Assets.xcassets; sourceTree = SOURCE_ROOT; };
		C39811E91BF16F3B007C5152 /* Info.plist */ = {isa = PBXFileReference; fileEncoding = 4; lastKnownFileType = text.plist.xml; name = Info.plist; path = SuperSpellingTests/Info.plist; sourceTree = SOURCE_ROOT; };
		C39811EA1BF16F3B007C5152 /* subcrapTests.swift */ = {isa = PBXFileReference; fileEncoding = 4; lastKnownFileType = sourcecode.swift; name = subcrapTests.swift; path = SuperSpellingTests/subcrapTests.swift; sourceTree = SOURCE_ROOT; };
		C39811ED1BF16F57007C5152 /* Info.plist */ = {isa = PBXFileReference; fileEncoding = 4; lastKnownFileType = text.plist.xml; name = Info.plist; path = SuperSpellingUITests/Info.plist; sourceTree = SOURCE_ROOT; };
		C39811EE1BF16F57007C5152 /* subcrapUITests.swift */ = {isa = PBXFileReference; fileEncoding = 4; lastKnownFileType = sourcecode.swift; name = subcrapUITests.swift; path = SuperSpellingUITests/subcrapUITests.swift; sourceTree = SOURCE_ROOT; };
		C39811F71BF171C7007C5152 /* Base */ = {isa = PBXFileReference; lastKnownFileType = file.storyboard; name = Base; path = SuperSpelling/Base.lproj/Main.storyboard; sourceTree = SOURCE_ROOT; };
		FE526D321BE0491800001A15 /* SuperSpelling.app */ = {isa = PBXFileReference; explicitFileType = wrapper.application; includeInIndex = 0; path = SuperSpelling.app; sourceTree = BUILT_PRODUCTS_DIR; };
		FE526D481BE0491900001A15 /* SuperSpellingTests.xctest */ = {isa = PBXFileReference; explicitFileType = wrapper.cfbundle; includeInIndex = 0; path = SuperSpellingTests.xctest; sourceTree = BUILT_PRODUCTS_DIR; };
		FE526D531BE0491900001A15 /* SuperSpellingUITests.xctest */ = {isa = PBXFileReference; explicitFileType = wrapper.cfbundle; includeInIndex = 0; path = SuperSpellingUITests.xctest; sourceTree = BUILT_PRODUCTS_DIR; };
/* End PBXFileReference section */

/* Begin PBXFrameworksBuildPhase section */
		FE526D2F1BE0491800001A15 /* Frameworks */ = {
			isa = PBXFrameworksBuildPhase;
			buildActionMask = 2147483647;
			files = (
			);
			runOnlyForDeploymentPostprocessing = 0;
		};
		FE526D451BE0491900001A15 /* Frameworks */ = {
			isa = PBXFrameworksBuildPhase;
			buildActionMask = 2147483647;
			files = (
			);
			runOnlyForDeploymentPostprocessing = 0;
		};
		FE526D501BE0491900001A15 /* Frameworks */ = {
			isa = PBXFrameworksBuildPhase;
			buildActionMask = 2147483647;
			files = (
			);
			runOnlyForDeploymentPostprocessing = 0;
		};
/* End PBXFrameworksBuildPhase section */

/* Begin PBXGroup section */
		FE526D291BE0491800001A15 = {
			isa = PBXGroup;
			children = (
				FE526D341BE0491800001A15 /* SuperSpelling */,
				FE526D4B1BE0491900001A15 /* SuperSpellingTests */,
				FE526D561BE0491900001A15 /* SuperSpellingUITests */,
				FE526D331BE0491800001A15 /* Products */,
			);
			sourceTree = "<group>";
		};
		FE526D331BE0491800001A15 /* Products */ = {
			isa = PBXGroup;
			children = (
				FE526D321BE0491800001A15 /* SuperSpelling.app */,
				FE526D481BE0491900001A15 /* SuperSpellingTests.xctest */,
				FE526D531BE0491900001A15 /* SuperSpellingUITests.xctest */,
			);
			name = Products;
			sourceTree = "<group>";
		};
		FE526D341BE0491800001A15 /* SuperSpelling */ = {
			isa = PBXGroup;
			children = (
				C39811D51BF16E22007C5152 /* AppDelegate.swift */,
				C39811E51BF16E67007C5152 /* Assets.xcassets */,
				C39811D71BF16E38007C5152 /* FirstViewController.swift */,
				C39811F61BF171C7007C5152 /* Main.storyboard */,
				C39811D91BF16E38007C5152 /* Info.plist */,
				C39811E71BF16E9D007C5152 /* SpellingDataStore.xcdatamodeld */,
				C39811DC1BF16E38007C5152 /* WordCategoryController.swift */,
				C39811DB1BF16E38007C5152 /* SubCategoryController.swift */,
				C39811D81BF16E38007C5152 /* GameChoiceController.swift */,
				C39811DD1BF16E38007C5152 /* WordViewController.swift */,
			);
			name = SuperSpelling;
			path = subcrap;
			sourceTree = "<group>";
		};
		FE526D4B1BE0491900001A15 /* SuperSpellingTests */ = {
			isa = PBXGroup;
			children = (
				C39811E91BF16F3B007C5152 /* Info.plist */,
				C39811EA1BF16F3B007C5152 /* subcrapTests.swift */,
			);
			name = SuperSpellingTests;
			path = subcrapTests;
			sourceTree = "<group>";
		};
		FE526D561BE0491900001A15 /* SuperSpellingUITests */ = {
			isa = PBXGroup;
			children = (
				C39811ED1BF16F57007C5152 /* Info.plist */,
				C39811EE1BF16F57007C5152 /* subcrapUITests.swift */,
			);
			name = SuperSpellingUITests;
			path = subcrapUITests;
			sourceTree = "<group>";
		};
/* End PBXGroup section */

/* Begin PBXNativeTarget section */
		FE526D311BE0491800001A15 /* SuperSpelling */ = {
			isa = PBXNativeTarget;
			buildConfigurationList = FE526D5C1BE0491900001A15 /* Build configuration list for PBXNativeTarget "SuperSpelling" */;
			buildPhases = (
				FE526D2E1BE0491800001A15 /* Sources */,
				FE526D2F1BE0491800001A15 /* Frameworks */,
				FE526D301BE0491800001A15 /* Resources */,
			);
			buildRules = (
			);
			dependencies = (
			);
			name = SuperSpelling;
			productName = subcrap;
			productReference = FE526D321BE0491800001A15 /* SuperSpelling.app */;
			productType = "com.apple.product-type.application";
		};
		FE526D471BE0491900001A15 /* SuperSpellingTests */ = {
			isa = PBXNativeTarget;
			buildConfigurationList = FE526D5F1BE0491900001A15 /* Build configuration list for PBXNativeTarget "SuperSpellingTests" */;
			buildPhases = (
				FE526D441BE0491900001A15 /* Sources */,
				FE526D451BE0491900001A15 /* Frameworks */,
				FE526D461BE0491900001A15 /* Resources */,
			);
			buildRules = (
			);
			dependencies = (
				FE526D4A1BE0491900001A15 /* PBXTargetDependency */,
			);
			name = SuperSpellingTests;
			productName = subcrapTests;
			productReference = FE526D481BE0491900001A15 /* SuperSpellingTests.xctest */;
			productType = "com.apple.product-type.bundle.unit-test";
		};
		FE526D521BE0491900001A15 /* SuperSpellingUITests */ = {
			isa = PBXNativeTarget;
			buildConfigurationList = FE526D621BE0491900001A15 /* Build configuration list for PBXNativeTarget "SuperSpellingUITests" */;
			buildPhases = (
				FE526D4F1BE0491900001A15 /* Sources */,
				FE526D501BE0491900001A15 /* Frameworks */,
				FE526D511BE0491900001A15 /* Resources */,
			);
			buildRules = (
			);
			dependencies = (
				FE526D551BE0491900001A15 /* PBXTargetDependency */,
			);
			name = SuperSpellingUITests;
			productName = subcrapUITests;
			productReference = FE526D531BE0491900001A15 /* SuperSpellingUITests.xctest */;
			productType = "com.apple.product-type.bundle.ui-testing";
		};
/* End PBXNativeTarget section */

/* Begin PBXProject section */
		FE526D2A1BE0491800001A15 /* Project object */ = {
			isa = PBXProject;
			attributes = {
				LastSwiftUpdateCheck = 0710;
				LastUpgradeCheck = 0710;
				ORGANIZATIONNAME = "Awesome Crap Industries";
				TargetAttributes = {
					FE526D311BE0491800001A15 = {
						CreatedOnToolsVersion = 7.1;
					};
					FE526D471BE0491900001A15 = {
						CreatedOnToolsVersion = 7.1;
						TestTargetID = FE526D311BE0491800001A15;
					};
					FE526D521BE0491900001A15 = {
						CreatedOnToolsVersion = 7.1;
						TestTargetID = FE526D311BE0491800001A15;
					};
				};
			};
			buildConfigurationList = FE526D2D1BE0491800001A15 /* Build configuration list for PBXProject "SuperSpelling" */;
			compatibilityVersion = "Xcode 3.2";
			developmentRegion = English;
			hasScannedForEncodings = 0;
			knownRegions = (
				en,
				Base,
			);
			mainGroup = FE526D291BE0491800001A15;
			productRefGroup = FE526D331BE0491800001A15 /* Products */;
			projectDirPath = "";
			projectRoot = "";
			targets = (
				FE526D311BE0491800001A15 /* SuperSpelling */,
				FE526D471BE0491900001A15 /* SuperSpellingTests */,
				FE526D521BE0491900001A15 /* SuperSpellingUITests */,
			);
		};
/* End PBXProject section */

/* Begin PBXResourcesBuildPhase section */
		FE526D301BE0491800001A15 /* Resources */ = {
			isa = PBXResourcesBuildPhase;
			buildActionMask = 2147483647;
			files = (
				C39811F81BF171C7007C5152 /* Main.storyboard in Resources */,
				C39811E61BF16E67007C5152 /* Assets.xcassets in Resources */,
				C39811E01BF16E38007C5152 /* Info.plist in Resources */,
			);
			runOnlyForDeploymentPostprocessing = 0;
		};
		FE526D461BE0491900001A15 /* Resources */ = {
			isa = PBXResourcesBuildPhase;
			buildActionMask = 2147483647;
			files = (
				C39811EB1BF16F3B007C5152 /* Info.plist in Resources */,
			);
			runOnlyForDeploymentPostprocessing = 0;
		};
		FE526D511BE0491900001A15 /* Resources */ = {
			isa = PBXResourcesBuildPhase;
			buildActionMask = 2147483647;
			files = (
				C39811EF1BF16F57007C5152 /* Info.plist in Resources */,
			);
			runOnlyForDeploymentPostprocessing = 0;
		};
/* End PBXResourcesBuildPhase section */

/* Begin PBXSourcesBuildPhase section */
		FE526D2E1BE0491800001A15 /* Sources */ = {
			isa = PBXSourcesBuildPhase;
			buildActionMask = 2147483647;
			files = (
				C39811D61BF16E22007C5152 /* AppDelegate.swift in Sources */,
				C39811E31BF16E38007C5152 /* WordCategoryController.swift in Sources */,
				C39811DF1BF16E38007C5152 /* GameChoiceController.swift in Sources */,
				C39811E41BF16E38007C5152 /* WordViewController.swift in Sources */,
				C39811E81BF16E9D007C5152 /* SpellingDataStore.xcdatamodeld in Sources */,
				C39811DE1BF16E38007C5152 /* FirstViewController.swift in Sources */,
				C39811E21BF16E38007C5152 /* SubCategoryController.swift in Sources */,
			);
			runOnlyForDeploymentPostprocessing = 0;
		};
		FE526D441BE0491900001A15 /* Sources */ = {
			isa = PBXSourcesBuildPhase;
			buildActionMask = 2147483647;
			files = (
				C39811EC1BF16F3B007C5152 /* subcrapTests.swift in Sources */,
			);
			runOnlyForDeploymentPostprocessing = 0;
		};
		FE526D4F1BE0491900001A15 /* Sources */ = {
			isa = PBXSourcesBuildPhase;
			buildActionMask = 2147483647;
			files = (
				C39811F01BF16F57007C5152 /* subcrapUITests.swift in Sources */,
			);
			runOnlyForDeploymentPostprocessing = 0;
		};
/* End PBXSourcesBuildPhase section */

/* Begin PBXTargetDependency section */
		FE526D4A1BE0491900001A15 /* PBXTargetDependency */ = {
			isa = PBXTargetDependency;
			target = FE526D311BE0491800001A15 /* SuperSpelling */;
			targetProxy = FE526D491BE0491900001A15 /* PBXContainerItemProxy */;
		};
		FE526D551BE0491900001A15 /* PBXTargetDependency */ = {
			isa = PBXTargetDependency;
			target = FE526D311BE0491800001A15 /* SuperSpelling */;
			targetProxy = FE526D541BE0491900001A15 /* PBXContainerItemProxy */;
		};
/* End PBXTargetDependency section */

/* Begin PBXVariantGroup section */
		C39811F61BF171C7007C5152 /* Main.storyboard */ = {
			isa = PBXVariantGroup;
			children = (
				C39811F71BF171C7007C5152 /* Base */,
			);
			name = Main.storyboard;
			sourceTree = "<group>";
		};
/* End PBXVariantGroup section */

/* Begin XCBuildConfiguration section */
		FE526D5A1BE0491900001A15 /* Debug */ = {
			isa = XCBuildConfiguration;
			buildSettings = {
				ALWAYS_SEARCH_USER_PATHS = NO;
				CLANG_CXX_LANGUAGE_STANDARD = "gnu++0x";
				CLANG_CXX_LIBRARY = "libc++";
				CLANG_ENABLE_MODULES = YES;
				CLANG_ENABLE_OBJC_ARC = YES;
				CLANG_WARN_BOOL_CONVERSION = YES;
				CLANG_WARN_CONSTANT_CONVERSION = YES;
				CLANG_WARN_DIRECT_OBJC_ISA_USAGE = YES_ERROR;
				CLANG_WARN_EMPTY_BODY = YES;
				CLANG_WARN_ENUM_CONVERSION = YES;
				CLANG_WARN_INT_CONVERSION = YES;
				CLANG_WARN_OBJC_ROOT_CLASS = YES_ERROR;
				CLANG_WARN_UNREACHABLE_CODE = YES;
				CLANG_WARN__DUPLICATE_METHOD_MATCH = YES;
				"CODE_SIGN_IDENTITY[sdk=iphoneos*]" = "iPhone Developer";
				COPY_PHASE_STRIP = NO;
				DEBUG_INFORMATION_FORMAT = dwarf;
				ENABLE_STRICT_OBJC_MSGSEND = YES;
				ENABLE_TESTABILITY = YES;
				GCC_C_LANGUAGE_STANDARD = gnu99;
				GCC_DYNAMIC_NO_PIC = NO;
				GCC_NO_COMMON_BLOCKS = YES;
				GCC_OPTIMIZATION_LEVEL = 0;
				GCC_PREPROCESSOR_DEFINITIONS = (
					"DEBUG=1",
					"$(inherited)",
				);
				GCC_WARN_64_TO_32_BIT_CONVERSION = YES;
				GCC_WARN_ABOUT_RETURN_TYPE = YES_ERROR;
				GCC_WARN_UNDECLARED_SELECTOR = YES;
				GCC_WARN_UNINITIALIZED_AUTOS = YES_AGGRESSIVE;
				GCC_WARN_UNUSED_FUNCTION = YES;
				GCC_WARN_UNUSED_VARIABLE = YES;
				IPHONEOS_DEPLOYMENT_TARGET = 9.1;
				MTL_ENABLE_DEBUG_INFO = YES;
				ONLY_ACTIVE_ARCH = YES;
				SDKROOT = iphoneos;
				SWIFT_OPTIMIZATION_LEVEL = "-Onone";
			};
			name = Debug;
		};
		FE526D5B1BE0491900001A15 /* Release */ = {
			isa = XCBuildConfiguration;
			buildSettings = {
				ALWAYS_SEARCH_USER_PATHS = NO;
				CLANG_CXX_LANGUAGE_STANDARD = "gnu++0x";
				CLANG_CXX_LIBRARY = "libc++";
				CLANG_ENABLE_MODULES = YES;
				CLANG_ENABLE_OBJC_ARC = YES;
				CLANG_WARN_BOOL_CONVERSION = YES;
				CLANG_WARN_CONSTANT_CONVERSION = YES;
				CLANG_WARN_DIRECT_OBJC_ISA_USAGE = YES_ERROR;
				CLANG_WARN_EMPTY_BODY = YES;
				CLANG_WARN_ENUM_CONVERSION = YES;
				CLANG_WARN_INT_CONVERSION = YES;
				CLANG_WARN_OBJC_ROOT_CLASS = YES_ERROR;
				CLANG_WARN_UNREACHABLE_CODE = YES;
				CLANG_WARN__DUPLICATE_METHOD_MATCH = YES;
				"CODE_SIGN_IDENTITY[sdk=iphoneos*]" = "iPhone Developer";
				COPY_PHASE_STRIP = NO;
				DEBUG_INFORMATION_FORMAT = "dwarf-with-dsym";
				ENABLE_NS_ASSERTIONS = NO;
				ENABLE_STRICT_OBJC_MSGSEND = YES;
				GCC_C_LANGUAGE_STANDARD = gnu99;
				GCC_NO_COMMON_BLOCKS = YES;
				GCC_WARN_64_TO_32_BIT_CONVERSION = YES;
				GCC_WARN_ABOUT_RETURN_TYPE = YES_ERROR;
				GCC_WARN_UNDECLARED_SELECTOR = YES;
				GCC_WARN_UNINITIALIZED_AUTOS = YES_AGGRESSIVE;
				GCC_WARN_UNUSED_FUNCTION = YES;
				GCC_WARN_UNUSED_VARIABLE = YES;
				IPHONEOS_DEPLOYMENT_TARGET = 9.1;
				MTL_ENABLE_DEBUG_INFO = NO;
				SDKROOT = iphoneos;
				VALIDATE_PRODUCT = YES;
			};
			name = Release;
		};
		FE526D5D1BE0491900001A15 /* Debug */ = {
			isa = XCBuildConfiguration;
			buildSettings = {
				ASSETCATALOG_COMPILER_APPICON_NAME = AppIcon;
				ASSETCATALOG_COMPILER_LAUNCHIMAGE_NAME = "Brand Assets";
				INFOPLIST_FILE = "$(SRCROOT)/SuperSpelling/Info.plist";
				LD_RUNPATH_SEARCH_PATHS = "$(inherited) @executable_path/Frameworks";
				PRODUCT_BUNDLE_IDENTIFIER = com.awesome.superspelling;
				PRODUCT_NAME = "$(TARGET_NAME)";
			};
			name = Debug;
		};
		FE526D5E1BE0491900001A15 /* Release */ = {
			isa = XCBuildConfiguration;
			buildSettings = {
				ASSETCATALOG_COMPILER_APPICON_NAME = AppIcon;
				ASSETCATALOG_COMPILER_LAUNCHIMAGE_NAME = "Brand Assets";
				INFOPLIST_FILE = "$(SRCROOT)/SuperSpelling/Info.plist";
				LD_RUNPATH_SEARCH_PATHS = "$(inherited) @executable_path/Frameworks";
				PRODUCT_BUNDLE_IDENTIFIER = com.awesome.superspelling;
				PRODUCT_NAME = "$(TARGET_NAME)";
			};
			name = Release;
		};
		FE526D601BE0491900001A15 /* Debug */ = {
			isa = XCBuildConfiguration;
			buildSettings = {
				BUNDLE_LOADER = "$(TEST_HOST)";
				INFOPLIST_FILE = subcrapTests/Info.plist;
				LD_RUNPATH_SEARCH_PATHS = "$(inherited) @executable_path/Frameworks @loader_path/Frameworks";
				PRODUCT_BUNDLE_IDENTIFIER = com.awesome.subcrapTests;
				PRODUCT_NAME = "$(TARGET_NAME)";
				TEST_HOST = "$(BUILT_PRODUCTS_DIR)/subcrap.app/subcrap";
			};
			name = Debug;
		};
		FE526D611BE0491900001A15 /* Release */ = {
			isa = XCBuildConfiguration;
			buildSettings = {
				BUNDLE_LOADER = "$(TEST_HOST)";
				INFOPLIST_FILE = subcrapTests/Info.plist;
				LD_RUNPATH_SEARCH_PATHS = "$(inherited) @executable_path/Frameworks @loader_path/Frameworks";
				PRODUCT_BUNDLE_IDENTIFIER = com.awesome.subcrapTests;
				PRODUCT_NAME = "$(TARGET_NAME)";
				TEST_HOST = "$(BUILT_PRODUCTS_DIR)/subcrap.app/subcrap";
			};
			name = Release;
		};
		FE526D631BE0491900001A15 /* Debug */ = {
			isa = XCBuildConfiguration;
			buildSettings = {
				INFOPLIST_FILE = subcrapUITests/Info.plist;
				LD_RUNPATH_SEARCH_PATHS = "$(inherited) @executable_path/Frameworks @loader_path/Frameworks";
				PRODUCT_BUNDLE_IDENTIFIER = com.awesome.subcrapUITests;
				PRODUCT_NAME = "$(TARGET_NAME)";
				TEST_TARGET_NAME = subcrap;
				USES_XCTRUNNER = YES;
			};
			name = Debug;
		};
		FE526D641BE0491900001A15 /* Release */ = {
			isa = XCBuildConfiguration;
			buildSettings = {
				INFOPLIST_FILE = subcrapUITests/Info.plist;
				LD_RUNPATH_SEARCH_PATHS = "$(inherited) @executable_path/Frameworks @loader_path/Frameworks";
				PRODUCT_BUNDLE_IDENTIFIER = com.awesome.subcrapUITests;
				PRODUCT_NAME = "$(TARGET_NAME)";
				TEST_TARGET_NAME = subcrap;
				USES_XCTRUNNER = YES;
			};
			name = Release;
		};
/* End XCBuildConfiguration section */

/* Begin XCConfigurationList section */
		FE526D2D1BE0491800001A15 /* Build configuration list for PBXProject "SuperSpelling" */ = {
			isa = XCConfigurationList;
			buildConfigurations = (
				FE526D5A1BE0491900001A15 /* Debug */,
				FE526D5B1BE0491900001A15 /* Release */,
			);
			defaultConfigurationIsVisible = 0;
			defaultConfigurationName = Release;
		};
		FE526D5C1BE0491900001A15 /* Build configuration list for PBXNativeTarget "SuperSpelling" */ = {
			isa = XCConfigurationList;
			buildConfigurations = (
				FE526D5D1BE0491900001A15 /* Debug */,
				FE526D5E1BE0491900001A15 /* Release */,
			);
			defaultConfigurationIsVisible = 0;
			defaultConfigurationName = Release;
		};
		FE526D5F1BE0491900001A15 /* Build configuration list for PBXNativeTarget "SuperSpellingTests" */ = {
			isa = XCConfigurationList;
			buildConfigurations = (
				FE526D601BE0491900001A15 /* Debug */,
				FE526D611BE0491900001A15 /* Release */,
			);
			defaultConfigurationIsVisible = 0;
			defaultConfigurationName = Release;
		};
		FE526D621BE0491900001A15 /* Build configuration list for PBXNativeTarget "SuperSpellingUITests" */ = {
			isa = XCConfigurationList;
			buildConfigurations = (
				FE526D631BE0491900001A15 /* Debug */,
				FE526D641BE0491900001A15 /* Release */,
			);
			defaultConfigurationIsVisible = 0;
			defaultConfigurationName = Release;
		};
/* End XCConfigurationList section */

/* Begin XCVersionGroup section */
		C39811E71BF16E9D007C5152 /* SpellingDataStore.xcdatamodeld */ = {
			isa = XCVersionGroup;
			children = (
			);
			name = SpellingDataStore.xcdatamodeld;
			path = ../SuperSpelling/SpellingDataStore.xcdatamodeld;
			sourceTree = "<group>";
			versionGroupType = wrapper.xcdatamodel;
		};
/* End XCVersionGroup section */
	};
	rootObject = FE526D2A1BE0491800001A15 /* Project object */;
}
