// !$*UTF8*$!
{
	archiveVersion = 1;
	classes = {
	};
	objectVersion = 46;
	objects = {

/* Begin PBXBuildFile section */
		C3B64B9C1BE6E685006345EC /* AppDelegate.swift in Sources */ = {isa = PBXBuildFile; fileRef = C3B64B9B1BE6E685006345EC /* AppDelegate.swift */; };
		C3B64B9E1BE6E685006345EC /* FirstViewController.swift in Sources */ = {isa = PBXBuildFile; fileRef = C3B64B9D1BE6E685006345EC /* FirstViewController.swift */; };
		C3B64BA01BE6E685006345EC /* SecondViewController.swift in Sources */ = {isa = PBXBuildFile; fileRef = C3B64B9F1BE6E685006345EC /* SecondViewController.swift */; };
		C3B64BA31BE6E685006345EC /* Main.storyboard in Resources */ = {isa = PBXBuildFile; fileRef = C3B64BA11BE6E685006345EC /* Main.storyboard */; };
		C3B64BA51BE6E685006345EC /* Assets.xcassets in Resources */ = {isa = PBXBuildFile; fileRef = C3B64BA41BE6E685006345EC /* Assets.xcassets */; };
		C3B64BA81BE6E685006345EC /* LaunchScreen.storyboard in Resources */ = {isa = PBXBuildFile; fileRef = C3B64BA61BE6E685006345EC /* LaunchScreen.storyboard */; };
		C3B64BB31BE6E685006345EC /* PizzaTests.swift in Sources */ = {isa = PBXBuildFile; fileRef = C3B64BB21BE6E685006345EC /* PizzaTests.swift */; };
		C3B64BBE1BE6E685006345EC /* PizzaUITests.swift in Sources */ = {isa = PBXBuildFile; fileRef = C3B64BBD1BE6E685006345EC /* PizzaUITests.swift */; };
/* End PBXBuildFile section */

/* Begin PBXContainerItemProxy section */
		C3B64BAF1BE6E685006345EC /* PBXContainerItemProxy */ = {
			isa = PBXContainerItemProxy;
			containerPortal = C3B64B901BE6E685006345EC /* Project object */;
			proxyType = 1;
			remoteGlobalIDString = C3B64B971BE6E685006345EC;
			remoteInfo = Pizza;
		};
		C3B64BBA1BE6E685006345EC /* PBXContainerItemProxy */ = {
			isa = PBXContainerItemProxy;
			containerPortal = C3B64B901BE6E685006345EC /* Project object */;
			proxyType = 1;
			remoteGlobalIDString = C3B64B971BE6E685006345EC;
			remoteInfo = Pizza;
		};
/* End PBXContainerItemProxy section */

/* Begin PBXFileReference section */
		C3B64B981BE6E685006345EC /* Pizza.app */ = {isa = PBXFileReference; explicitFileType = wrapper.application; includeInIndex = 0; path = Pizza.app; sourceTree = BUILT_PRODUCTS_DIR; };
		C3B64B9B1BE6E685006345EC /* AppDelegate.swift */ = {isa = PBXFileReference; lastKnownFileType = sourcecode.swift; path = AppDelegate.swift; sourceTree = "<group>"; };
		C3B64B9D1BE6E685006345EC /* FirstViewController.swift */ = {isa = PBXFileReference; lastKnownFileType = sourcecode.swift; path = FirstViewController.swift; sourceTree = "<group>"; };
		C3B64B9F1BE6E685006345EC /* SecondViewController.swift */ = {isa = PBXFileReference; lastKnownFileType = sourcecode.swift; path = SecondViewController.swift; sourceTree = "<group>"; };
		C3B64BA21BE6E685006345EC /* Base */ = {isa = PBXFileReference; lastKnownFileType = file.storyboard; name = Base; path = Base.lproj/Main.storyboard; sourceTree = "<group>"; };
		C3B64BA41BE6E685006345EC /* Assets.xcassets */ = {isa = PBXFileReference; lastKnownFileType = folder.assetcatalog; path = Assets.xcassets; sourceTree = "<group>"; };
		C3B64BA71BE6E685006345EC /* Base */ = {isa = PBXFileReference; lastKnownFileType = file.storyboard; name = Base; path = Base.lproj/LaunchScreen.storyboard; sourceTree = "<group>"; };
		C3B64BA91BE6E685006345EC /* Info.plist */ = {isa = PBXFileReference; lastKnownFileType = text.plist.xml; path = Info.plist; sourceTree = "<group>"; };
		C3B64BAE1BE6E685006345EC /* PizzaTests.xctest */ = {isa = PBXFileReference; explicitFileType = wrapper.cfbundle; includeInIndex = 0; path = PizzaTests.xctest; sourceTree = BUILT_PRODUCTS_DIR; };
		C3B64BB21BE6E685006345EC /* PizzaTests.swift */ = {isa = PBXFileReference; lastKnownFileType = sourcecode.swift; path = PizzaTests.swift; sourceTree = "<group>"; };
		C3B64BB41BE6E685006345EC /* Info.plist */ = {isa = PBXFileReference; lastKnownFileType = text.plist.xml; path = Info.plist; sourceTree = "<group>"; };
		C3B64BB91BE6E685006345EC /* PizzaUITests.xctest */ = {isa = PBXFileReference; explicitFileType = wrapper.cfbundle; includeInIndex = 0; path = PizzaUITests.xctest; sourceTree = BUILT_PRODUCTS_DIR; };
		C3B64BBD1BE6E685006345EC /* PizzaUITests.swift */ = {isa = PBXFileReference; lastKnownFileType = sourcecode.swift; path = PizzaUITests.swift; sourceTree = "<group>"; };
		C3B64BBF1BE6E685006345EC /* Info.plist */ = {isa = PBXFileReference; lastKnownFileType = text.plist.xml; path = Info.plist; sourceTree = "<group>"; };
/* End PBXFileReference section */

/* Begin PBXFrameworksBuildPhase section */
		C3B64B951BE6E685006345EC /* Frameworks */ = {
			isa = PBXFrameworksBuildPhase;
			buildActionMask = 2147483647;
			files = (
			);
			runOnlyForDeploymentPostprocessing = 0;
		};
		C3B64BAB1BE6E685006345EC /* Frameworks */ = {
			isa = PBXFrameworksBuildPhase;
			buildActionMask = 2147483647;
			files = (
			);
			runOnlyForDeploymentPostprocessing = 0;
		};
		C3B64BB61BE6E685006345EC /* Frameworks */ = {
			isa = PBXFrameworksBuildPhase;
			buildActionMask = 2147483647;
			files = (
			);
			runOnlyForDeploymentPostprocessing = 0;
		};
/* End PBXFrameworksBuildPhase section */

/* Begin PBXGroup section */
		C3B64B8F1BE6E685006345EC = {
			isa = PBXGroup;
			children = (
				C3B64B9A1BE6E685006345EC /* Pizza */,
				C3B64BB11BE6E685006345EC /* PizzaTests */,
				C3B64BBC1BE6E685006345EC /* PizzaUITests */,
				C3B64B991BE6E685006345EC /* Products */,
			);
			sourceTree = "<group>";
		};
		C3B64B991BE6E685006345EC /* Products */ = {
			isa = PBXGroup;
			children = (
				C3B64B981BE6E685006345EC /* Pizza.app */,
				C3B64BAE1BE6E685006345EC /* PizzaTests.xctest */,
				C3B64BB91BE6E685006345EC /* PizzaUITests.xctest */,
			);
			name = Products;
			sourceTree = "<group>";
		};
		C3B64B9A1BE6E685006345EC /* Pizza */ = {
			isa = PBXGroup;
			children = (
				C3B64B9B1BE6E685006345EC /* AppDelegate.swift */,
				C3B64B9D1BE6E685006345EC /* FirstViewController.swift */,
				C3B64B9F1BE6E685006345EC /* SecondViewController.swift */,
				C3B64BA11BE6E685006345EC /* Main.storyboard */,
				C3B64BA41BE6E685006345EC /* Assets.xcassets */,
				C3B64BA61BE6E685006345EC /* LaunchScreen.storyboard */,
				C3B64BA91BE6E685006345EC /* Info.plist */,
			);
			path = Pizza;
			sourceTree = "<group>";
		};
		C3B64BB11BE6E685006345EC /* PizzaTests */ = {
			isa = PBXGroup;
			children = (
				C3B64BB21BE6E685006345EC /* PizzaTests.swift */,
				C3B64BB41BE6E685006345EC /* Info.plist */,
			);
			path = PizzaTests;
			sourceTree = "<group>";
		};
		C3B64BBC1BE6E685006345EC /* PizzaUITests */ = {
			isa = PBXGroup;
			children = (
				C3B64BBD1BE6E685006345EC /* PizzaUITests.swift */,
				C3B64BBF1BE6E685006345EC /* Info.plist */,
			);
			path = PizzaUITests;
			sourceTree = "<group>";
		};
/* End PBXGroup section */

/* Begin PBXNativeTarget section */
		C3B64B971BE6E685006345EC /* Pizza */ = {
			isa = PBXNativeTarget;
			buildConfigurationList = C3B64BC21BE6E685006345EC /* Build configuration list for PBXNativeTarget "Pizza" */;
			buildPhases = (
				C3B64B941BE6E685006345EC /* Sources */,
				C3B64B951BE6E685006345EC /* Frameworks */,
				C3B64B961BE6E685006345EC /* Resources */,
			);
			buildRules = (
			);
			dependencies = (
			);
			name = Pizza;
			productName = Pizza;
			productReference = C3B64B981BE6E685006345EC /* Pizza.app */;
			productType = "com.apple.product-type.application";
		};
		C3B64BAD1BE6E685006345EC /* PizzaTests */ = {
			isa = PBXNativeTarget;
			buildConfigurationList = C3B64BC51BE6E685006345EC /* Build configuration list for PBXNativeTarget "PizzaTests" */;
			buildPhases = (
				C3B64BAA1BE6E685006345EC /* Sources */,
				C3B64BAB1BE6E685006345EC /* Frameworks */,
				C3B64BAC1BE6E685006345EC /* Resources */,
			);
			buildRules = (
			);
			dependencies = (
				C3B64BB01BE6E685006345EC /* PBXTargetDependency */,
			);
			name = PizzaTests;
			productName = PizzaTests;
			productReference = C3B64BAE1BE6E685006345EC /* PizzaTests.xctest */;
			productType = "com.apple.product-type.bundle.unit-test";
		};
		C3B64BB81BE6E685006345EC /* PizzaUITests */ = {
			isa = PBXNativeTarget;
			buildConfigurationList = C3B64BC81BE6E685006345EC /* Build configuration list for PBXNativeTarget "PizzaUITests" */;
			buildPhases = (
				C3B64BB51BE6E685006345EC /* Sources */,
				C3B64BB61BE6E685006345EC /* Frameworks */,
				C3B64BB71BE6E685006345EC /* Resources */,
			);
			buildRules = (
			);
			dependencies = (
				C3B64BBB1BE6E685006345EC /* PBXTargetDependency */,
			);
			name = PizzaUITests;
			productName = PizzaUITests;
			productReference = C3B64BB91BE6E685006345EC /* PizzaUITests.xctest */;
			productType = "com.apple.product-type.bundle.ui-testing";
		};
/* End PBXNativeTarget section */

/* Begin PBXProject section */
		C3B64B901BE6E685006345EC /* Project object */ = {
			isa = PBXProject;
			attributes = {
				LastSwiftUpdateCheck = 0710;
				LastUpgradeCheck = 0710;
				ORGANIZATIONNAME = "ChrisTest Inc";
				TargetAttributes = {
					C3B64B971BE6E685006345EC = {
						CreatedOnToolsVersion = 7.1;
					};
					C3B64BAD1BE6E685006345EC = {
						CreatedOnToolsVersion = 7.1;
						TestTargetID = C3B64B971BE6E685006345EC;
					};
					C3B64BB81BE6E685006345EC = {
						CreatedOnToolsVersion = 7.1;
						TestTargetID = C3B64B971BE6E685006345EC;
					};
				};
			};
			buildConfigurationList = C3B64B931BE6E685006345EC /* Build configuration list for PBXProject "Pizza" */;
			compatibilityVersion = "Xcode 3.2";
			developmentRegion = English;
			hasScannedForEncodings = 0;
			knownRegions = (
				en,
				Base,
			);
			mainGroup = C3B64B8F1BE6E685006345EC;
			productRefGroup = C3B64B991BE6E685006345EC /* Products */;
			projectDirPath = "";
			projectRoot = "";
			targets = (
				C3B64B971BE6E685006345EC /* Pizza */,
				C3B64BAD1BE6E685006345EC /* PizzaTests */,
				C3B64BB81BE6E685006345EC /* PizzaUITests */,
			);
		};
/* End PBXProject section */

/* Begin PBXResourcesBuildPhase section */
		C3B64B961BE6E685006345EC /* Resources */ = {
			isa = PBXResourcesBuildPhase;
			buildActionMask = 2147483647;
			files = (
				C3B64BA81BE6E685006345EC /* LaunchScreen.storyboard in Resources */,
				C3B64BA51BE6E685006345EC /* Assets.xcassets in Resources */,
				C3B64BA31BE6E685006345EC /* Main.storyboard in Resources */,
			);
			runOnlyForDeploymentPostprocessing = 0;
		};
		C3B64BAC1BE6E685006345EC /* Resources */ = {
			isa = PBXResourcesBuildPhase;
			buildActionMask = 2147483647;
			files = (
			);
			runOnlyForDeploymentPostprocessing = 0;
		};
		C3B64BB71BE6E685006345EC /* Resources */ = {
			isa = PBXResourcesBuildPhase;
			buildActionMask = 2147483647;
			files = (
			);
			runOnlyForDeploymentPostprocessing = 0;
		};
/* End PBXResourcesBuildPhase section */

/* Begin PBXSourcesBuildPhase section */
		C3B64B941BE6E685006345EC /* Sources */ = {
			isa = PBXSourcesBuildPhase;
			buildActionMask = 2147483647;
			files = (
				C3B64BA01BE6E685006345EC /* SecondViewController.swift in Sources */,
				C3B64B9C1BE6E685006345EC /* AppDelegate.swift in Sources */,
				C3B64B9E1BE6E685006345EC /* FirstViewController.swift in Sources */,
			);
			runOnlyForDeploymentPostprocessing = 0;
		};
		C3B64BAA1BE6E685006345EC /* Sources */ = {
			isa = PBXSourcesBuildPhase;
			buildActionMask = 2147483647;
			files = (
				C3B64BB31BE6E685006345EC /* PizzaTests.swift in Sources */,
			);
			runOnlyForDeploymentPostprocessing = 0;
		};
		C3B64BB51BE6E685006345EC /* Sources */ = {
			isa = PBXSourcesBuildPhase;
			buildActionMask = 2147483647;
			files = (
				C3B64BBE1BE6E685006345EC /* PizzaUITests.swift in Sources */,
			);
			runOnlyForDeploymentPostprocessing = 0;
		};
/* End PBXSourcesBuildPhase section */

/* Begin PBXTargetDependency section */
		C3B64BB01BE6E685006345EC /* PBXTargetDependency */ = {
			isa = PBXTargetDependency;
			target = C3B64B971BE6E685006345EC /* Pizza */;
			targetProxy = C3B64BAF1BE6E685006345EC /* PBXContainerItemProxy */;
		};
		C3B64BBB1BE6E685006345EC /* PBXTargetDependency */ = {
			isa = PBXTargetDependency;
			target = C3B64B971BE6E685006345EC /* Pizza */;
			targetProxy = C3B64BBA1BE6E685006345EC /* PBXContainerItemProxy */;
		};
/* End PBXTargetDependency section */

/* Begin PBXVariantGroup section */
		C3B64BA11BE6E685006345EC /* Main.storyboard */ = {
			isa = PBXVariantGroup;
			children = (
				C3B64BA21BE6E685006345EC /* Base */,
			);
			name = Main.storyboard;
			sourceTree = "<group>";
		};
		C3B64BA61BE6E685006345EC /* LaunchScreen.storyboard */ = {
			isa = PBXVariantGroup;
			children = (
				C3B64BA71BE6E685006345EC /* Base */,
			);
			name = LaunchScreen.storyboard;
			sourceTree = "<group>";
		};
/* End PBXVariantGroup section */

/* Begin XCBuildConfiguration section */
		C3B64BC01BE6E685006345EC /* Debug */ = {
			isa = XCBuildConfiguration;
			buildSettings = {
				ALWAYS_SEARCH_USER_PATHS = NO;
				CLANG_CXX_LANGUAGE_STANDARD = "gnu++0x";
				CLANG_CXX_LIBRARY = "libc++";
				CLANG_ENABLE_MODULES = YES;
				CLANG_ENABLE_OBJC_ARC = YES;
				CLANG_WARN_BOOL_CONVERSION = YES;
				CLANG_WARN_CONSTANT_CONVERSION = YES;
				CLANG_WARN_DIRECT_OBJC_ISA_USAGE = YES_ERROR;
				CLANG_WARN_EMPTY_BODY = YES;
				CLANG_WARN_ENUM_CONVERSION = YES;
				CLANG_WARN_INT_CONVERSION = YES;
				CLANG_WARN_OBJC_ROOT_CLASS = YES_ERROR;
				CLANG_WARN_UNREACHABLE_CODE = YES;
				CLANG_WARN__DUPLICATE_METHOD_MATCH = YES;
				"CODE_SIGN_IDENTITY[sdk=iphoneos*]" = "iPhone Developer";
				COPY_PHASE_STRIP = NO;
				DEBUG_INFORMATION_FORMAT = dwarf;
				ENABLE_STRICT_OBJC_MSGSEND = YES;
				ENABLE_TESTABILITY = YES;
				GCC_C_LANGUAGE_STANDARD = gnu99;
				GCC_DYNAMIC_NO_PIC = NO;
				GCC_NO_COMMON_BLOCKS = YES;
				GCC_OPTIMIZATION_LEVEL = 0;
				GCC_PREPROCESSOR_DEFINITIONS = (
					"DEBUG=1",
					"$(inherited)",
				);
				GCC_WARN_64_TO_32_BIT_CONVERSION = YES;
				GCC_WARN_ABOUT_RETURN_TYPE = YES_ERROR;
				GCC_WARN_UNDECLARED_SELECTOR = YES;
				GCC_WARN_UNINITIALIZED_AUTOS = YES_AGGRESSIVE;
				GCC_WARN_UNUSED_FUNCTION = YES;
				GCC_WARN_UNUSED_VARIABLE = YES;
				IPHONEOS_DEPLOYMENT_TARGET = 9.1;
				MTL_ENABLE_DEBUG_INFO = YES;
				ONLY_ACTIVE_ARCH = YES;
				SDKROOT = iphoneos;
				SWIFT_OPTIMIZATION_LEVEL = "-Onone";
				TARGETED_DEVICE_FAMILY = "1,2";
			};
			name = Debug;
		};
		C3B64BC11BE6E685006345EC /* Release */ = {
			isa = XCBuildConfiguration;
			buildSettings = {
				ALWAYS_SEARCH_USER_PATHS = NO;
				CLANG_CXX_LANGUAGE_STANDARD = "gnu++0x";
				CLANG_CXX_LIBRARY = "libc++";
				CLANG_ENABLE_MODULES = YES;
				CLANG_ENABLE_OBJC_ARC = YES;
				CLANG_WARN_BOOL_CONVERSION = YES;
				CLANG_WARN_CONSTANT_CONVERSION = YES;
				CLANG_WARN_DIRECT_OBJC_ISA_USAGE = YES_ERROR;
				CLANG_WARN_EMPTY_BODY = YES;
				CLANG_WARN_ENUM_CONVERSION = YES;
				CLANG_WARN_INT_CONVERSION = YES;
				CLANG_WARN_OBJC_ROOT_CLASS = YES_ERROR;
				CLANG_WARN_UNREACHABLE_CODE = YES;
				CLANG_WARN__DUPLICATE_METHOD_MATCH = YES;
				"CODE_SIGN_IDENTITY[sdk=iphoneos*]" = "iPhone Developer";
				COPY_PHASE_STRIP = NO;
				DEBUG_INFORMATION_FORMAT = "dwarf-with-dsym";
				ENABLE_NS_ASSERTIONS = NO;
				ENABLE_STRICT_OBJC_MSGSEND = YES;
				GCC_C_LANGUAGE_STANDARD = gnu99;
				GCC_NO_COMMON_BLOCKS = YES;
				GCC_WARN_64_TO_32_BIT_CONVERSION = YES;
				GCC_WARN_ABOUT_RETURN_TYPE = YES_ERROR;
				GCC_WARN_UNDECLARED_SELECTOR = YES;
				GCC_WARN_UNINITIALIZED_AUTOS = YES_AGGRESSIVE;
				GCC_WARN_UNUSED_FUNCTION = YES;
				GCC_WARN_UNUSED_VARIABLE = YES;
				IPHONEOS_DEPLOYMENT_TARGET = 9.1;
				MTL_ENABLE_DEBUG_INFO = NO;
				SDKROOT = iphoneos;
				TARGETED_DEVICE_FAMILY = "1,2";
				VALIDATE_PRODUCT = YES;
			};
			name = Release;
		};
		C3B64BC31BE6E685006345EC /* Debug */ = {
			isa = XCBuildConfiguration;
			buildSettings = {
				ASSETCATALOG_COMPILER_APPICON_NAME = AppIcon;
				INFOPLIST_FILE = Pizza/Info.plist;
				LD_RUNPATH_SEARCH_PATHS = "$(inherited) @executable_path/Frameworks";
				PRODUCT_BUNDLE_IDENTIFIER = com.ChrisTestInc.Pizza;
				PRODUCT_NAME = "$(TARGET_NAME)";
			};
			name = Debug;
		};
		C3B64BC41BE6E685006345EC /* Release */ = {
			isa = XCBuildConfiguration;
			buildSettings = {
				ASSETCATALOG_COMPILER_APPICON_NAME = AppIcon;
				INFOPLIST_FILE = Pizza/Info.plist;
				LD_RUNPATH_SEARCH_PATHS = "$(inherited) @executable_path/Frameworks";
				PRODUCT_BUNDLE_IDENTIFIER = com.ChrisTestInc.Pizza;
				PRODUCT_NAME = "$(TARGET_NAME)";
			};
			name = Release;
		};
		C3B64BC61BE6E685006345EC /* Debug */ = {
			isa = XCBuildConfiguration;
			buildSettings = {
				BUNDLE_LOADER = "$(TEST_HOST)";
				INFOPLIST_FILE = PizzaTests/Info.plist;
				LD_RUNPATH_SEARCH_PATHS = "$(inherited) @executable_path/Frameworks @loader_path/Frameworks";
				PRODUCT_BUNDLE_IDENTIFIER = com.ChrisTestInc.PizzaTests;
				PRODUCT_NAME = "$(TARGET_NAME)";
				TEST_HOST = "$(BUILT_PRODUCTS_DIR)/Pizza.app/Pizza";
			};
			name = Debug;
		};
		C3B64BC71BE6E685006345EC /* Release */ = {
			isa = XCBuildConfiguration;
			buildSettings = {
				BUNDLE_LOADER = "$(TEST_HOST)";
				INFOPLIST_FILE = PizzaTests/Info.plist;
				LD_RUNPATH_SEARCH_PATHS = "$(inherited) @executable_path/Frameworks @loader_path/Frameworks";
				PRODUCT_BUNDLE_IDENTIFIER = com.ChrisTestInc.PizzaTests;
				PRODUCT_NAME = "$(TARGET_NAME)";
				TEST_HOST = "$(BUILT_PRODUCTS_DIR)/Pizza.app/Pizza";
			};
			name = Release;
		};
		C3B64BC91BE6E685006345EC /* Debug */ = {
			isa = XCBuildConfiguration;
			buildSettings = {
				INFOPLIST_FILE = PizzaUITests/Info.plist;
				LD_RUNPATH_SEARCH_PATHS = "$(inherited) @executable_path/Frameworks @loader_path/Frameworks";
				PRODUCT_BUNDLE_IDENTIFIER = com.ChrisTestInc.PizzaUITests;
				PRODUCT_NAME = "$(TARGET_NAME)";
				TEST_TARGET_NAME = Pizza;
				USES_XCTRUNNER = YES;
			};
			name = Debug;
		};
		C3B64BCA1BE6E685006345EC /* Release */ = {
			isa = XCBuildConfiguration;
			buildSettings = {
				INFOPLIST_FILE = PizzaUITests/Info.plist;
				LD_RUNPATH_SEARCH_PATHS = "$(inherited) @executable_path/Frameworks @loader_path/Frameworks";
				PRODUCT_BUNDLE_IDENTIFIER = com.ChrisTestInc.PizzaUITests;
				PRODUCT_NAME = "$(TARGET_NAME)";
				TEST_TARGET_NAME = Pizza;
				USES_XCTRUNNER = YES;
			};
			name = Release;
		};
/* End XCBuildConfiguration section */

/* Begin XCConfigurationList section */
		C3B64B931BE6E685006345EC /* Build configuration list for PBXProject "Pizza" */ = {
			isa = XCConfigurationList;
			buildConfigurations = (
				C3B64BC01BE6E685006345EC /* Debug */,
				C3B64BC11BE6E685006345EC /* Release */,
			);
			defaultConfigurationIsVisible = 0;
			defaultConfigurationName = Release;
		};
		C3B64BC21BE6E685006345EC /* Build configuration list for PBXNativeTarget "Pizza" */ = {
			isa = XCConfigurationList;
			buildConfigurations = (
				C3B64BC31BE6E685006345EC /* Debug */,
				C3B64BC41BE6E685006345EC /* Release */,
			);
			defaultConfigurationIsVisible = 0;
		};
		C3B64BC51BE6E685006345EC /* Build configuration list for PBXNativeTarget "PizzaTests" */ = {
			isa = XCConfigurationList;
			buildConfigurations = (
				C3B64BC61BE6E685006345EC /* Debug */,
				C3B64BC71BE6E685006345EC /* Release */,
			);
			defaultConfigurationIsVisible = 0;
		};
		C3B64BC81BE6E685006345EC /* Build configuration list for PBXNativeTarget "PizzaUITests" */ = {
			isa = XCConfigurationList;
			buildConfigurations = (
				C3B64BC91BE6E685006345EC /* Debug */,
				C3B64BCA1BE6E685006345EC /* Release */,
			);
			defaultConfigurationIsVisible = 0;
		};
/* End XCConfigurationList section */
	};
	rootObject = C3B64B901BE6E685006345EC /* Project object */;
}
